
Microsoft Visual Studio Solution File, Format Version 12.00
# Visual Studio Version 17
VisualStudioVersion = 17.10.35122.118
MinimumVisualStudioVersion = 10.0.40219.1
Project("{2150E333-8FDC-42A3-9474-1A3956D46DE8}") = "src", "src", "{10F7AC8F-2C6C-4426-BAD7-389839BD308B}"
EndProject
Project("{FAE04EC0-301F-11D3-BF4B-00C04F79EFBC}") = "Domain", "Domain\Domain.csproj", "{08D6972F-348F-4AF3-BDF8-A1062745BF00}"
EndProject
Project("{FAE04EC0-301F-11D3-BF4B-00C04F79EFBC}") = "Application", "Application\Application.csproj", "{EA64A316-4249-4644-AFCB-B3917A0CB1BE}"
EndProject
Project("{FAE04EC0-301F-11D3-BF4B-00C04F79EFBC}") = "Infrastructure", "Infrastructure\Infrastructure.csproj", "{4B6F95AF-632B-4761-9013-562668F21825}"
EndProject
Project("{FAE04EC0-301F-11D3-BF4B-00C04F79EFBC}") = "WebApi", "WebApi\WebApi.csproj", "{2AAA4DAE-52A6-4C9C-96AD-FD2B99F35537}"
EndProject
Global
	GlobalSection(SolutionConfigurationPlatforms) = preSolution
		Debug|Any CPU = Debug|Any CPU
		Release|Any CPU = Release|Any CPU
	EndGlobalSection
	GlobalSection(ProjectConfigurationPlatforms) = postSolution
		{08D6972F-348F-4AF3-BDF8-A1062745BF00}.Debug|Any CPU.ActiveCfg = Debug|Any CPU
		{08D6972F-348F-4AF3-BDF8-A1062745BF00}.Debug|Any CPU.Build.0 = Debug|Any CPU
		{08D6972F-348F-4AF3-BDF8-A1062745BF00}.Release|Any CPU.ActiveCfg = Release|Any CPU
		{08D6972F-348F-4AF3-BDF8-A1062745BF00}.Release|Any CPU.Build.0 = Release|Any CPU
		{EA64A316-4249-4644-AFCB-B3917A0CB1BE}.Debug|Any CPU.ActiveCfg = Debug|Any CPU
		{EA64A316-4249-4644-AFCB-B3917A0CB1BE}.Debug|Any CPU.Build.0 = Debug|Any CPU
		{EA64A316-4249-4644-AFCB-B3917A0CB1BE}.Release|Any CPU.ActiveCfg = Release|Any CPU
		{EA64A316-4249-4644-AFCB-B3917A0CB1BE}.Release|Any CPU.Build.0 = Release|Any CPU
		{4B6F95AF-632B-4761-9013-562668F21825}.Debug|Any CPU.ActiveCfg = Debug|Any CPU
		{4B6F95AF-632B-4761-9013-562668F21825}.Debug|Any CPU.Build.0 = Debug|Any CPU
		{4B6F95AF-632B-4761-9013-562668F21825}.Release|Any CPU.ActiveCfg = Release|Any CPU
		{4B6F95AF-632B-4761-9013-562668F21825}.Release|Any CPU.Build.0 = Release|Any CPU
		{2AAA4DAE-52A6-4C9C-96AD-FD2B99F35537}.Debug|Any CPU.ActiveCfg = Debug|Any CPU
		{2AAA4DAE-52A6-4C9C-96AD-FD2B99F35537}.Debug|Any CPU.Build.0 = Debug|Any CPU
		{2AAA4DAE-52A6-4C9C-96AD-FD2B99F35537}.Release|Any CPU.ActiveCfg = Release|Any CPU
		{2AAA4DAE-52A6-4C9C-96AD-FD2B99F35537}.Release|Any CPU.Build.0 = Release|Any CPU
	EndGlobalSection
	GlobalSection(SolutionProperties) = preSolution
		HideSolutionNode = FALSE
	EndGlobalSection
	GlobalSection(NestedProjects) = preSolution
		{08D6972F-348F-4AF3-BDF8-A1062745BF00} = {10F7AC8F-2C6C-4426-BAD7-389839BD308B}
		{EA64A316-4249-4644-AFCB-B3917A0CB1BE} = {10F7AC8F-2C6C-4426-BAD7-389839BD308B}
		{4B6F95AF-632B-4761-9013-562668F21825} = {10F7AC8F-2C6C-4426-BAD7-389839BD308B}
		{2AAA4DAE-52A6-4C9C-96AD-FD2B99F35537} = {10F7AC8F-2C6C-4426-BAD7-389839BD308B}
	EndGlobalSection
	GlobalSection(ExtensibilityGlobals) = postSolution
		SolutionGuid = {E85A51E1-408A-4742-9F93-7C4B597A0084}
	EndGlobalSection
EndGlobal
